
Microsoft Visual Studio Solution File, Format Version 12.00
# Visual Studio Version 16
VisualStudioVersion = 16.0.29230.47
MinimumVisualStudioVersion = 10.0.40219.1
Project("{2150E333-8FDC-42A3-9474-1A3956D46DE8}") = "Business", "Business", "{A7861218-8BF0-47B7-8B03-DDB1C83E963E}"
EndProject
Project("{2150E333-8FDC-42A3-9474-1A3956D46DE8}") = "DataAccess", "DataAccess", "{D3D1C533-031A-4C1D-8520-F26518E5470C}"
EndProject
Project("{2150E333-8FDC-42A3-9474-1A3956D46DE8}") = "Common", "Common", "{30A568CD-4FAA-406A-828D-CB880ACC466C}"
EndProject
Project("{2150E333-8FDC-42A3-9474-1A3956D46DE8}") = "Web", "Web", "{5ABEDA35-8D68-4DA1-AE17-F38B95E3A48C}"
EndProject
Project("{2150E333-8FDC-42A3-9474-1A3956D46DE8}") = "Api", "Api", "{FED59F52-BD20-4857-ACFD-F8C9DB75FF5B}"
EndProject
Project("{FAE04EC0-301F-11D3-BF4B-00C04F79EFBC}") = "HRMS.Api", "Api\HRMS.Api\HRMS.Api.csproj", "{070DE868-BD2A-4DD4-93A2-62FB559A6DCE}"
EndProject
Project("{FAE04EC0-301F-11D3-BF4B-00C04F79EFBC}") = "HRMS.Business", "Business\HRMS.Business\HRMS.Business.csproj", "{23D6C4C4-4F57-409E-AD19-5B69EDAA1B57}"
EndProject
Project("{FAE04EC0-301F-11D3-BF4B-00C04F79EFBC}") = "HRMS.IBusiness", "Business\HRMS.IBusiness\HRMS.IBusiness.csproj", "{8566ED99-57FD-4CC7-9045-6AE966179304}"
EndProject
Project("{FAE04EC0-301F-11D3-BF4B-00C04F79EFBC}") = "HRMS.Repository", "DataAccess\HRMS.Repository\HRMS.Repository.csproj", "{842F675F-49A3-41E1-AFC4-9990B8076AF2}"
EndProject
Project("{FAE04EC0-301F-11D3-BF4B-00C04F79EFBC}") = "HRMS.IRepository", "DataAccess\HRMS.IRepository\HRMS.IRepository.csproj", "{DD42A576-8688-4220-8261-874BF0DB98E1}"
EndProject
Project("{FAE04EC0-301F-11D3-BF4B-00C04F79EFBC}") = "HRMS.DataModel", "DataAccess\HRMS.DataModel\HRMS.DataModel.csproj", "{701CC3B6-68A5-48FC-BD6D-3C0DA9488865}"
EndProject
Project("{FAE04EC0-301F-11D3-BF4B-00C04F79EFBC}") = "HRMS.Common", "Common\HRMS.Common\HRMS.Common.csproj", "{0B8F77C6-F93C-4C09-9033-23878F77EF23}"
EndProject
Global
	GlobalSection(SolutionConfigurationPlatforms) = preSolution
		Debug|Any CPU = Debug|Any CPU
		Release|Any CPU = Release|Any CPU
	EndGlobalSection
	GlobalSection(ProjectConfigurationPlatforms) = postSolution
		{070DE868-BD2A-4DD4-93A2-62FB559A6DCE}.Debug|Any CPU.ActiveCfg = Debug|Any CPU
		{070DE868-BD2A-4DD4-93A2-62FB559A6DCE}.Debug|Any CPU.Build.0 = Debug|Any CPU
		{070DE868-BD2A-4DD4-93A2-62FB559A6DCE}.Release|Any CPU.ActiveCfg = Release|Any CPU
		{070DE868-BD2A-4DD4-93A2-62FB559A6DCE}.Release|Any CPU.Build.0 = Release|Any CPU
		{23D6C4C4-4F57-409E-AD19-5B69EDAA1B57}.Debug|Any CPU.ActiveCfg = Debug|Any CPU
		{23D6C4C4-4F57-409E-AD19-5B69EDAA1B57}.Debug|Any CPU.Build.0 = Debug|Any CPU
		{23D6C4C4-4F57-409E-AD19-5B69EDAA1B57}.Release|Any CPU.ActiveCfg = Release|Any CPU
		{23D6C4C4-4F57-409E-AD19-5B69EDAA1B57}.Release|Any CPU.Build.0 = Release|Any CPU
		{8566ED99-57FD-4CC7-9045-6AE966179304}.Debug|Any CPU.ActiveCfg = Debug|Any CPU
		{8566ED99-57FD-4CC7-9045-6AE966179304}.Debug|Any CPU.Build.0 = Debug|Any CPU
		{8566ED99-57FD-4CC7-9045-6AE966179304}.Release|Any CPU.ActiveCfg = Release|Any CPU
		{8566ED99-57FD-4CC7-9045-6AE966179304}.Release|Any CPU.Build.0 = Release|Any CPU
		{842F675F-49A3-41E1-AFC4-9990B8076AF2}.Debug|Any CPU.ActiveCfg = Debug|Any CPU
		{842F675F-49A3-41E1-AFC4-9990B8076AF2}.Debug|Any CPU.Build.0 = Debug|Any CPU
		{842F675F-49A3-41E1-AFC4-9990B8076AF2}.Release|Any CPU.ActiveCfg = Release|Any CPU
		{842F675F-49A3-41E1-AFC4-9990B8076AF2}.Release|Any CPU.Build.0 = Release|Any CPU
		{DD42A576-8688-4220-8261-874BF0DB98E1}.Debug|Any CPU.ActiveCfg = Debug|Any CPU
		{DD42A576-8688-4220-8261-874BF0DB98E1}.Debug|Any CPU.Build.0 = Debug|Any CPU
		{DD42A576-8688-4220-8261-874BF0DB98E1}.Release|Any CPU.ActiveCfg = Release|Any CPU
		{DD42A576-8688-4220-8261-874BF0DB98E1}.Release|Any CPU.Build.0 = Release|Any CPU
		{701CC3B6-68A5-48FC-BD6D-3C0DA9488865}.Debug|Any CPU.ActiveCfg = Debug|Any CPU
		{701CC3B6-68A5-48FC-BD6D-3C0DA9488865}.Debug|Any CPU.Build.0 = Debug|Any CPU
		{701CC3B6-68A5-48FC-BD6D-3C0DA9488865}.Release|Any CPU.ActiveCfg = Release|Any CPU
		{701CC3B6-68A5-48FC-BD6D-3C0DA9488865}.Release|Any CPU.Build.0 = Release|Any CPU
		{0B8F77C6-F93C-4C09-9033-23878F77EF23}.Debug|Any CPU.ActiveCfg = Debug|Any CPU
		{0B8F77C6-F93C-4C09-9033-23878F77EF23}.Debug|Any CPU.Build.0 = Debug|Any CPU
		{0B8F77C6-F93C-4C09-9033-23878F77EF23}.Release|Any CPU.ActiveCfg = Release|Any CPU
		{0B8F77C6-F93C-4C09-9033-23878F77EF23}.Release|Any CPU.Build.0 = Release|Any CPU
	EndGlobalSection
	GlobalSection(SolutionProperties) = preSolution
		HideSolutionNode = FALSE
	EndGlobalSection
	GlobalSection(NestedProjects) = preSolution
		{070DE868-BD2A-4DD4-93A2-62FB559A6DCE} = {FED59F52-BD20-4857-ACFD-F8C9DB75FF5B}
		{23D6C4C4-4F57-409E-AD19-5B69EDAA1B57} = {A7861218-8BF0-47B7-8B03-DDB1C83E963E}
		{8566ED99-57FD-4CC7-9045-6AE966179304} = {A7861218-8BF0-47B7-8B03-DDB1C83E963E}
		{842F675F-49A3-41E1-AFC4-9990B8076AF2} = {D3D1C533-031A-4C1D-8520-F26518E5470C}
		{DD42A576-8688-4220-8261-874BF0DB98E1} = {D3D1C533-031A-4C1D-8520-F26518E5470C}
		{701CC3B6-68A5-48FC-BD6D-3C0DA9488865} = {D3D1C533-031A-4C1D-8520-F26518E5470C}
		{0B8F77C6-F93C-4C09-9033-23878F77EF23} = {30A568CD-4FAA-406A-828D-CB880ACC466C}
	EndGlobalSection
	GlobalSection(ExtensibilityGlobals) = postSolution
		SolutionGuid = {C6DB473B-E516-4D46-8CDF-4AA96D75E2EC}
	EndGlobalSection
EndGlobal
